
Microsoft Visual Studio Solution File, Format Version 12.00
# Visual Studio Version 17
VisualStudioVersion = 17.14.36414.22 d17.14
MinimumVisualStudioVersion = 10.0.40219.1
Project("{FAE04EC0-301F-11D3-BF4B-00C04F79EFBC}") = "Automata.Desktop", "src\Automata.Desktop\Automata.Desktop.csproj", "{DC069577-4A1F-4767-9F15-563C5DA6C794}"
EndProject
Global
	GlobalSection(SolutionConfigurationPlatforms) = preSolution
		Debug|Any CPU = Debug|Any CPU
		Release|Any CPU = Release|Any CPU
	EndGlobalSection
	GlobalSection(ProjectConfigurationPlatforms) = postSolution
		{DC069577-4A1F-4767-9F15-563C5DA6C794}.Debug|Any CPU.ActiveCfg = Debug|Any CPU
		{DC069577-4A1F-4767-9F15-563C5DA6C794}.Debug|Any CPU.Build.0 = Debug|Any CPU
		{DC069577-4A1F-4767-9F15-563C5DA6C794}.Release|Any CPU.ActiveCfg = Release|Any CPU
		{DC069577-4A1F-4767-9F15-563C5DA6C794}.Release|Any CPU.Build.0 = Release|Any CPU
	EndGlobalSection
	GlobalSection(SolutionProperties) = preSolution
		HideSolutionNode = FALSE
	EndGlobalSection
	GlobalSection(ExtensibilityGlobals) = postSolution
		SolutionGuid = {77994803-0C43-4E2B-9FAD-716CF730C223}
	EndGlobalSection
EndGlobal
